// !$*UTF8*$!
{
	archiveVersion = 1;
	classes = {
	};
	objectVersion = 46;
	objects = {

/* Begin PBXBuildFile section */
		681C748B19270CCC166AE246 /* Pods_EZRecipeTests.framework in Frameworks */ = {isa = PBXBuildFile; fileRef = 03D93693AFD40045B06B38CB /* Pods_EZRecipeTests.framework */; };
		A8031DE61DF9EA2E0008110B /* (null) in Sources */ = {isa = PBXBuildFile; };
		A830CCAC1DD8E97200A9B688 /* AppDelegate.swift in Sources */ = {isa = PBXBuildFile; fileRef = A830CCAB1DD8E97200A9B688 /* AppDelegate.swift */; };
		A830CCAE1DD8E97200A9B688 /* ViewController.swift in Sources */ = {isa = PBXBuildFile; fileRef = A830CCAD1DD8E97200A9B688 /* ViewController.swift */; };
		A830CCB11DD8E97200A9B688 /* Main.storyboard in Resources */ = {isa = PBXBuildFile; fileRef = A830CCAF1DD8E97200A9B688 /* Main.storyboard */; };
		A830CCB31DD8E97200A9B688 /* Assets.xcassets in Resources */ = {isa = PBXBuildFile; fileRef = A830CCB21DD8E97200A9B688 /* Assets.xcassets */; };
		A830CCC11DD8E97200A9B688 /* EZRecipeTests.swift in Sources */ = {isa = PBXBuildFile; fileRef = A830CCC01DD8E97200A9B688 /* EZRecipeTests.swift */; };
		A830CCCC1DD8E97200A9B688 /* EZRecipeUITests.swift in Sources */ = {isa = PBXBuildFile; fileRef = A830CCCB1DD8E97200A9B688 /* EZRecipeUITests.swift */; };
		A830CCDA1DD9451B00A9B688 /* Recipe.swift in Sources */ = {isa = PBXBuildFile; fileRef = A830CCD91DD9451B00A9B688 /* Recipe.swift */; };
		A89946291E046BFF009F95E1 /* Model.swift in Sources */ = {isa = PBXBuildFile; fileRef = A89946281E046BFF009F95E1 /* Model.swift */; };
		A899462B1E046F90009F95E1 /* ApiKeys.plist in Resources */ = {isa = PBXBuildFile; fileRef = A899462A1E046F90009F95E1 /* ApiKeys.plist */; };
		A899462C1E046F90009F95E1 /* ApiKeys.plist in Resources */ = {isa = PBXBuildFile; fileRef = A899462A1E046F90009F95E1 /* ApiKeys.plist */; };
		A899462D1E046F90009F95E1 /* ApiKeys.plist in Resources */ = {isa = PBXBuildFile; fileRef = A899462A1E046F90009F95E1 /* ApiKeys.plist */; };
		A899462F1E04FE5F009F95E1 /* meme.jpg in Resources */ = {isa = PBXBuildFile; fileRef = A899462E1E04FE5F009F95E1 /* meme.jpg */; };
		A89946301E04FE5F009F95E1 /* meme.jpg in Resources */ = {isa = PBXBuildFile; fileRef = A899462E1E04FE5F009F95E1 /* meme.jpg */; };
		A89946311E04FE5F009F95E1 /* meme.jpg in Resources */ = {isa = PBXBuildFile; fileRef = A899462E1E04FE5F009F95E1 /* meme.jpg */; };
		A8ADF0D61E08D76400D693D4 /* RecipeDetailViewController.swift in Sources */ = {isa = PBXBuildFile; fileRef = A8ADF0D21E08D76400D693D4 /* RecipeDetailViewController.swift */; };
		A8ADF0D71E08D76400D693D4 /* RecipeTableViewCell.swift in Sources */ = {isa = PBXBuildFile; fileRef = A8ADF0D31E08D76400D693D4 /* RecipeTableViewCell.swift */; };
		A8ADF0D81E08D76400D693D4 /* RecipeWebViewViewController.swift in Sources */ = {isa = PBXBuildFile; fileRef = A8ADF0D41E08D76400D693D4 /* RecipeWebViewViewController.swift */; };
		A8ADF0D91E08D76400D693D4 /* SearchResultsViewController.swift in Sources */ = {isa = PBXBuildFile; fileRef = A8ADF0D51E08D76400D693D4 /* SearchResultsViewController.swift */; };
		A8ADF0DB1E08D7A200D693D4 /* purple.jpg in Resources */ = {isa = PBXBuildFile; fileRef = A8ADF0DA1E08D7A200D693D4 /* purple.jpg */; };
		A8ADF0DE1E08D7BF00D693D4 /* download.png in Resources */ = {isa = PBXBuildFile; fileRef = A8ADF0DC1E08D7BF00D693D4 /* download.png */; };
		A8ADF0DF1E08D7BF00D693D4 /* magnifying-glass-3-xxl.png in Resources */ = {isa = PBXBuildFile; fileRef = A8ADF0DD1E08D7BF00D693D4 /* magnifying-glass-3-xxl.png */; };
		A8BFDF991DE760350095CF5A /* (null) in Sources */ = {isa = PBXBuildFile; };
		A8BFDFA31DE947DD0095CF5A /* (null) in Resources */ = {isa = PBXBuildFile; };
		A8BFDFA71DEA841F0095CF5A /* (null) in Sources */ = {isa = PBXBuildFile; };
		A8D6ECE51DF7286500EB04A7 /* (null) in Sources */ = {isa = PBXBuildFile; };
		D39259764FE164903EE3DB13 /* Pods_EZRecipeUITests.framework in Frameworks */ = {isa = PBXBuildFile; fileRef = D827F25CB5C7727EB47ACBBD /* Pods_EZRecipeUITests.framework */; };
		E83C54AA0F11DEAAA6F6820E /* Pods_EZRecipe.framework in Frameworks */ = {isa = PBXBuildFile; fileRef = EFFA271553518877BFFD9769 /* Pods_EZRecipe.framework */; };
/* End PBXBuildFile section */

/* Begin PBXContainerItemProxy section */
		A830CCBD1DD8E97200A9B688 /* PBXContainerItemProxy */ = {
			isa = PBXContainerItemProxy;
			containerPortal = A830CCA01DD8E97200A9B688 /* Project object */;
			proxyType = 1;
			remoteGlobalIDString = A830CCA71DD8E97200A9B688;
			remoteInfo = EZRecipe;
		};
		A830CCC81DD8E97200A9B688 /* PBXContainerItemProxy */ = {
			isa = PBXContainerItemProxy;
			containerPortal = A830CCA01DD8E97200A9B688 /* Project object */;
			proxyType = 1;
			remoteGlobalIDString = A830CCA71DD8E97200A9B688;
			remoteInfo = EZRecipe;
		};
/* End PBXContainerItemProxy section */

/* Begin PBXFileReference section */
		03D93693AFD40045B06B38CB /* Pods_EZRecipeTests.framework */ = {isa = PBXFileReference; explicitFileType = wrapper.framework; includeInIndex = 0; path = Pods_EZRecipeTests.framework; sourceTree = BUILT_PRODUCTS_DIR; };
		4372B550CCA55646D585BD9C /* Pods-EZRecipeUITests.debug.xcconfig */ = {isa = PBXFileReference; includeInIndex = 1; lastKnownFileType = text.xcconfig; name = "Pods-EZRecipeUITests.debug.xcconfig"; path = "Pods/Target Support Files/Pods-EZRecipeUITests/Pods-EZRecipeUITests.debug.xcconfig"; sourceTree = "<group>"; };
		5C5A7EBB8852CAD2F02ABA4B /* Pods-EZRecipe.release.xcconfig */ = {isa = PBXFileReference; includeInIndex = 1; lastKnownFileType = text.xcconfig; name = "Pods-EZRecipe.release.xcconfig"; path = "Pods/Target Support Files/Pods-EZRecipe/Pods-EZRecipe.release.xcconfig"; sourceTree = "<group>"; };
		A74B318477370AAC05B3C76E /* Pods-EZRecipe.debug.xcconfig */ = {isa = PBXFileReference; includeInIndex = 1; lastKnownFileType = text.xcconfig; name = "Pods-EZRecipe.debug.xcconfig"; path = "Pods/Target Support Files/Pods-EZRecipe/Pods-EZRecipe.debug.xcconfig"; sourceTree = "<group>"; };
		A830CCA81DD8E97200A9B688 /* Miara.app */ = {isa = PBXFileReference; explicitFileType = wrapper.application; includeInIndex = 0; path = Miara.app; sourceTree = BUILT_PRODUCTS_DIR; };
		A830CCAB1DD8E97200A9B688 /* AppDelegate.swift */ = {isa = PBXFileReference; lastKnownFileType = sourcecode.swift; name = AppDelegate.swift; path = EZRecipe/AppDelegate.swift; sourceTree = "<group>"; };
		A830CCAD1DD8E97200A9B688 /* ViewController.swift */ = {isa = PBXFileReference; lastKnownFileType = sourcecode.swift; name = ViewController.swift; path = EZRecipe/ViewController.swift; sourceTree = "<group>"; };
		A830CCB01DD8E97200A9B688 /* Base */ = {isa = PBXFileReference; lastKnownFileType = file.storyboard; name = Base; path = Base.lproj/Main.storyboard; sourceTree = "<group>"; };
		A830CCB21DD8E97200A9B688 /* Assets.xcassets */ = {isa = PBXFileReference; lastKnownFileType = folder.assetcatalog; name = Assets.xcassets; path = EZRecipe/Assets.xcassets; sourceTree = "<group>"; };
		A830CCB71DD8E97200A9B688 /* Info.plist */ = {isa = PBXFileReference; lastKnownFileType = text.plist.xml; name = Info.plist; path = EZRecipe/Info.plist; sourceTree = "<group>"; };
		A830CCBC1DD8E97200A9B688 /* EZRecipeTests.xctest */ = {isa = PBXFileReference; explicitFileType = wrapper.cfbundle; includeInIndex = 0; path = EZRecipeTests.xctest; sourceTree = BUILT_PRODUCTS_DIR; };
		A830CCC01DD8E97200A9B688 /* EZRecipeTests.swift */ = {isa = PBXFileReference; lastKnownFileType = sourcecode.swift; path = EZRecipeTests.swift; sourceTree = "<group>"; };
		A830CCC21DD8E97200A9B688 /* Info.plist */ = {isa = PBXFileReference; lastKnownFileType = text.plist.xml; path = Info.plist; sourceTree = "<group>"; };
		A830CCC71DD8E97200A9B688 /* EZRecipeUITests.xctest */ = {isa = PBXFileReference; explicitFileType = wrapper.cfbundle; includeInIndex = 0; path = EZRecipeUITests.xctest; sourceTree = BUILT_PRODUCTS_DIR; };
		A830CCCB1DD8E97200A9B688 /* EZRecipeUITests.swift */ = {isa = PBXFileReference; lastKnownFileType = sourcecode.swift; path = EZRecipeUITests.swift; sourceTree = "<group>"; };
		A830CCCD1DD8E97200A9B688 /* Info.plist */ = {isa = PBXFileReference; lastKnownFileType = text.plist.xml; path = Info.plist; sourceTree = "<group>"; };
		A830CCD91DD9451B00A9B688 /* Recipe.swift */ = {isa = PBXFileReference; fileEncoding = 4; lastKnownFileType = sourcecode.swift; path = Recipe.swift; sourceTree = "<group>"; };
		A89946281E046BFF009F95E1 /* Model.swift */ = {isa = PBXFileReference; fileEncoding = 4; lastKnownFileType = sourcecode.swift; path = Model.swift; sourceTree = "<group>"; };
		A899462A1E046F90009F95E1 /* ApiKeys.plist */ = {isa = PBXFileReference; fileEncoding = 4; lastKnownFileType = text.plist.xml; path = ApiKeys.plist; sourceTree = "<group>"; };
		A899462E1E04FE5F009F95E1 /* meme.jpg */ = {isa = PBXFileReference; lastKnownFileType = image.jpeg; name = meme.jpg; path = EZRecipe/meme.jpg; sourceTree = "<group>"; };
		A8ADF0D21E08D76400D693D4 /* RecipeDetailViewController.swift */ = {isa = PBXFileReference; fileEncoding = 4; lastKnownFileType = sourcecode.swift; path = RecipeDetailViewController.swift; sourceTree = "<group>"; };
		A8ADF0D31E08D76400D693D4 /* RecipeTableViewCell.swift */ = {isa = PBXFileReference; fileEncoding = 4; lastKnownFileType = sourcecode.swift; path = RecipeTableViewCell.swift; sourceTree = "<group>"; };
		A8ADF0D41E08D76400D693D4 /* RecipeWebViewViewController.swift */ = {isa = PBXFileReference; fileEncoding = 4; lastKnownFileType = sourcecode.swift; path = RecipeWebViewViewController.swift; sourceTree = "<group>"; };
		A8ADF0D51E08D76400D693D4 /* SearchResultsViewController.swift */ = {isa = PBXFileReference; fileEncoding = 4; lastKnownFileType = sourcecode.swift; path = SearchResultsViewController.swift; sourceTree = "<group>"; };
		A8ADF0DA1E08D7A200D693D4 /* purple.jpg */ = {isa = PBXFileReference; lastKnownFileType = image.jpeg; name = purple.jpg; path = EZRecipe/purple.jpg; sourceTree = "<group>"; };
		A8ADF0DC1E08D7BF00D693D4 /* download.png */ = {isa = PBXFileReference; lastKnownFileType = image.png; name = download.png; path = EZRecipe/download.png; sourceTree = "<group>"; };
		A8ADF0DD1E08D7BF00D693D4 /* magnifying-glass-3-xxl.png */ = {isa = PBXFileReference; lastKnownFileType = image.png; name = "magnifying-glass-3-xxl.png"; path = "EZRecipe/magnifying-glass-3-xxl.png"; sourceTree = "<group>"; };
		CAF0304907114BA0167C3D88 /* Pods-EZRecipeUITests.release.xcconfig */ = {isa = PBXFileReference; includeInIndex = 1; lastKnownFileType = text.xcconfig; name = "Pods-EZRecipeUITests.release.xcconfig"; path = "Pods/Target Support Files/Pods-EZRecipeUITests/Pods-EZRecipeUITests.release.xcconfig"; sourceTree = "<group>"; };
		D730BD236AC3D1AD6B197DBF /* Pods-EZRecipeTests.debug.xcconfig */ = {isa = PBXFileReference; includeInIndex = 1; lastKnownFileType = text.xcconfig; name = "Pods-EZRecipeTests.debug.xcconfig"; path = "Pods/Target Support Files/Pods-EZRecipeTests/Pods-EZRecipeTests.debug.xcconfig"; sourceTree = "<group>"; };
		D827F25CB5C7727EB47ACBBD /* Pods_EZRecipeUITests.framework */ = {isa = PBXFileReference; explicitFileType = wrapper.framework; includeInIndex = 0; path = Pods_EZRecipeUITests.framework; sourceTree = BUILT_PRODUCTS_DIR; };
		DE59BD7E316A99E5743D24DE /* Pods-EZRecipeTests.release.xcconfig */ = {isa = PBXFileReference; includeInIndex = 1; lastKnownFileType = text.xcconfig; name = "Pods-EZRecipeTests.release.xcconfig"; path = "Pods/Target Support Files/Pods-EZRecipeTests/Pods-EZRecipeTests.release.xcconfig"; sourceTree = "<group>"; };
		EFFA271553518877BFFD9769 /* Pods_EZRecipe.framework */ = {isa = PBXFileReference; explicitFileType = wrapper.framework; includeInIndex = 0; path = Pods_EZRecipe.framework; sourceTree = BUILT_PRODUCTS_DIR; };
/* End PBXFileReference section */

/* Begin PBXFrameworksBuildPhase section */
		A830CCA51DD8E97200A9B688 /* Frameworks */ = {
			isa = PBXFrameworksBuildPhase;
			buildActionMask = 2147483647;
			files = (
				E83C54AA0F11DEAAA6F6820E /* Pods_EZRecipe.framework in Frameworks */,
			);
			runOnlyForDeploymentPostprocessing = 0;
		};
		A830CCB91DD8E97200A9B688 /* Frameworks */ = {
			isa = PBXFrameworksBuildPhase;
			buildActionMask = 2147483647;
			files = (
				681C748B19270CCC166AE246 /* Pods_EZRecipeTests.framework in Frameworks */,
			);
			runOnlyForDeploymentPostprocessing = 0;
		};
		A830CCC41DD8E97200A9B688 /* Frameworks */ = {
			isa = PBXFrameworksBuildPhase;
			buildActionMask = 2147483647;
			files = (
				D39259764FE164903EE3DB13 /* Pods_EZRecipeUITests.framework in Frameworks */,
			);
			runOnlyForDeploymentPostprocessing = 0;
		};
/* End PBXFrameworksBuildPhase section */

/* Begin PBXGroup section */
		2F5635231FACC538FD3A4CB7 /* Pods */ = {
			isa = PBXGroup;
			children = (
				A74B318477370AAC05B3C76E /* Pods-EZRecipe.debug.xcconfig */,
				5C5A7EBB8852CAD2F02ABA4B /* Pods-EZRecipe.release.xcconfig */,
				D730BD236AC3D1AD6B197DBF /* Pods-EZRecipeTests.debug.xcconfig */,
				DE59BD7E316A99E5743D24DE /* Pods-EZRecipeTests.release.xcconfig */,
				4372B550CCA55646D585BD9C /* Pods-EZRecipeUITests.debug.xcconfig */,
				CAF0304907114BA0167C3D88 /* Pods-EZRecipeUITests.release.xcconfig */,
			);
			name = Pods;
			sourceTree = "<group>";
		};
		A830CC9F1DD8E97200A9B688 = {
			isa = PBXGroup;
			children = (
				A830CCAA1DD8E97200A9B688 /* EZRecipe */,
				A830CCBF1DD8E97200A9B688 /* EZRecipeTests */,
				A830CCCA1DD8E97200A9B688 /* EZRecipeUITests */,
				A830CCA91DD8E97200A9B688 /* Products */,
				2F5635231FACC538FD3A4CB7 /* Pods */,
				F3715F0FDCB3BEC128FC38A5 /* Frameworks */,
			);
			sourceTree = "<group>";
		};
		A830CCA91DD8E97200A9B688 /* Products */ = {
			isa = PBXGroup;
			children = (
				A830CCA81DD8E97200A9B688 /* Miara.app */,
				A830CCBC1DD8E97200A9B688 /* EZRecipeTests.xctest */,
				A830CCC71DD8E97200A9B688 /* EZRecipeUITests.xctest */,
			);
			name = Products;
			sourceTree = "<group>";
		};
		A830CCAA1DD8E97200A9B688 /* EZRecipe */ = {
			isa = PBXGroup;
			children = (
				A8ADF0CC1E08D53300D693D4 /* Views */,
				A8ADF0CE1E08D53700D693D4 /* Controllers */,
				A8ADF0CD1E08D53500D693D4 /* Models */,
				A8ADF0CF1E08D53A00D693D4 /* Classes */,
				A8ADF0D01E08D53D00D693D4 /* Supporting Files */,
				A8ADF0D11E08D53E00D693D4 /* Images */,
			);
			path = EZRecipe;
			sourceTree = "<group>";
		};
		A830CCBF1DD8E97200A9B688 /* EZRecipeTests */ = {
			isa = PBXGroup;
			children = (
				A830CCC01DD8E97200A9B688 /* EZRecipeTests.swift */,
				A830CCC21DD8E97200A9B688 /* Info.plist */,
			);
			path = EZRecipeTests;
			sourceTree = "<group>";
		};
		A830CCCA1DD8E97200A9B688 /* EZRecipeUITests */ = {
			isa = PBXGroup;
			children = (
				A830CCCB1DD8E97200A9B688 /* EZRecipeUITests.swift */,
				A830CCCD1DD8E97200A9B688 /* Info.plist */,
			);
			path = EZRecipeUITests;
			sourceTree = "<group>";
		};
		A8ADF0CC1E08D53300D693D4 /* Views */ = {
			isa = PBXGroup;
			children = (
				A830CCAF1DD8E97200A9B688 /* Main.storyboard */,
			);
			name = Views;
			path = ..;
			sourceTree = "<group>";
		};
		A8ADF0CD1E08D53500D693D4 /* Models */ = {
			isa = PBXGroup;
			children = (
				A89946281E046BFF009F95E1 /* Model.swift */,
			);
			name = Models;
			path = ..;
			sourceTree = "<group>";
		};
		A8ADF0CE1E08D53700D693D4 /* Controllers */ = {
			isa = PBXGroup;
			children = (
				A830CCAD1DD8E97200A9B688 /* ViewController.swift */,
				A8ADF0D51E08D76400D693D4 /* SearchResultsViewController.swift */,
				A8ADF0D21E08D76400D693D4 /* RecipeDetailViewController.swift */,
				A8ADF0D41E08D76400D693D4 /* RecipeWebViewViewController.swift */,
			);
			name = Controllers;
			path = ..;
			sourceTree = "<group>";
		};
		A8ADF0CF1E08D53A00D693D4 /* Classes */ = {
			isa = PBXGroup;
			children = (
				A830CCD91DD9451B00A9B688 /* Recipe.swift */,
				A8ADF0D31E08D76400D693D4 /* RecipeTableViewCell.swift */,
			);
			name = Classes;
			path = ..;
			sourceTree = "<group>";
		};
		A8ADF0D01E08D53D00D693D4 /* Supporting Files */ = {
			isa = PBXGroup;
			children = (
				A899462A1E046F90009F95E1 /* ApiKeys.plist */,
				A830CCB71DD8E97200A9B688 /* Info.plist */,
				A830CCAB1DD8E97200A9B688 /* AppDelegate.swift */,
			);
			name = "Supporting Files";
			path = ..;
			sourceTree = "<group>";
		};
		A8ADF0D11E08D53E00D693D4 /* Images */ = {
			isa = PBXGroup;
			children = (
				A8ADF0DC1E08D7BF00D693D4 /* download.png */,
				A8ADF0DD1E08D7BF00D693D4 /* magnifying-glass-3-xxl.png */,
				A830CCB21DD8E97200A9B688 /* Assets.xcassets */,
				A899462E1E04FE5F009F95E1 /* meme.jpg */,
				A8ADF0DA1E08D7A200D693D4 /* purple.jpg */,
			);
			name = Images;
			path = ..;
			sourceTree = "<group>";
		};
		F3715F0FDCB3BEC128FC38A5 /* Frameworks */ = {
			isa = PBXGroup;
			children = (
				EFFA271553518877BFFD9769 /* Pods_EZRecipe.framework */,
				03D93693AFD40045B06B38CB /* Pods_EZRecipeTests.framework */,
				D827F25CB5C7727EB47ACBBD /* Pods_EZRecipeUITests.framework */,
			);
			name = Frameworks;
			sourceTree = "<group>";
		};
/* End PBXGroup section */

/* Begin PBXNativeTarget section */
		A830CCA71DD8E97200A9B688 /* Miara */ = {
			isa = PBXNativeTarget;
			buildConfigurationList = A830CCD01DD8E97200A9B688 /* Build configuration list for PBXNativeTarget "Miara" */;
			buildPhases = (
				E33B79B111E5474304B92C0F /* [CP] Check Pods Manifest.lock */,
				A830CCA41DD8E97200A9B688 /* Sources */,
				A830CCA51DD8E97200A9B688 /* Frameworks */,
				A830CCA61DD8E97200A9B688 /* Resources */,
				39B216E3E4B9F596FC38405D /* [CP] Embed Pods Frameworks */,
				772E4333BCED14041ABB3051 /* [CP] Copy Pods Resources */,
			);
			buildRules = (
			);
			dependencies = (
			);
			name = Miara;
			productName = EZRecipe;
			productReference = A830CCA81DD8E97200A9B688 /* Miara.app */;
			productType = "com.apple.product-type.application";
		};
		A830CCBB1DD8E97200A9B688 /* EZRecipeTests */ = {
			isa = PBXNativeTarget;
			buildConfigurationList = A830CCD31DD8E97200A9B688 /* Build configuration list for PBXNativeTarget "EZRecipeTests" */;
			buildPhases = (
				0AA16D74DF9968281F28E7FD /* [CP] Check Pods Manifest.lock */,
				A830CCB81DD8E97200A9B688 /* Sources */,
				A830CCB91DD8E97200A9B688 /* Frameworks */,
				A830CCBA1DD8E97200A9B688 /* Resources */,
				C09F4973C5F1494D645BA41B /* [CP] Embed Pods Frameworks */,
				2F3E71BBBC420B2B0D0DB318 /* [CP] Copy Pods Resources */,
			);
			buildRules = (
			);
			dependencies = (
				A830CCBE1DD8E97200A9B688 /* PBXTargetDependency */,
			);
			name = EZRecipeTests;
			productName = EZRecipeTests;
			productReference = A830CCBC1DD8E97200A9B688 /* EZRecipeTests.xctest */;
			productType = "com.apple.product-type.bundle.unit-test";
		};
		A830CCC61DD8E97200A9B688 /* EZRecipeUITests */ = {
			isa = PBXNativeTarget;
			buildConfigurationList = A830CCD61DD8E97200A9B688 /* Build configuration list for PBXNativeTarget "EZRecipeUITests" */;
			buildPhases = (
				C1B3480689FEE2AF4D3C759C /* [CP] Check Pods Manifest.lock */,
				A830CCC31DD8E97200A9B688 /* Sources */,
				A830CCC41DD8E97200A9B688 /* Frameworks */,
				A830CCC51DD8E97200A9B688 /* Resources */,
				E8BDE7BB96682DE4C34893E1 /* [CP] Embed Pods Frameworks */,
				F8CBAEEE5E1A6DEBA90F9FB1 /* [CP] Copy Pods Resources */,
			);
			buildRules = (
			);
			dependencies = (
				A830CCC91DD8E97200A9B688 /* PBXTargetDependency */,
			);
			name = EZRecipeUITests;
			productName = EZRecipeUITests;
			productReference = A830CCC71DD8E97200A9B688 /* EZRecipeUITests.xctest */;
			productType = "com.apple.product-type.bundle.ui-testing";
		};
/* End PBXNativeTarget section */

/* Begin PBXProject section */
		A830CCA01DD8E97200A9B688 /* Project object */ = {
			isa = PBXProject;
			attributes = {
				LastSwiftUpdateCheck = 0810;
				LastUpgradeCheck = 0810;
				ORGANIZATIONNAME = ChalieBuckets;
				TargetAttributes = {
					A830CCA71DD8E97200A9B688 = {
						CreatedOnToolsVersion = 8.1;
						ProvisioningStyle = Automatic;
					};
					A830CCBB1DD8E97200A9B688 = {
						CreatedOnToolsVersion = 8.1;
						ProvisioningStyle = Automatic;
						TestTargetID = A830CCA71DD8E97200A9B688;
					};
					A830CCC61DD8E97200A9B688 = {
						CreatedOnToolsVersion = 8.1;
						ProvisioningStyle = Automatic;
						TestTargetID = A830CCA71DD8E97200A9B688;
					};
				};
			};
			buildConfigurationList = A830CCA31DD8E97200A9B688 /* Build configuration list for PBXProject "EZRecipe" */;
			compatibilityVersion = "Xcode 3.2";
			developmentRegion = English;
			hasScannedForEncodings = 0;
			knownRegions = (
				en,
				Base,
			);
			mainGroup = A830CC9F1DD8E97200A9B688;
			productRefGroup = A830CCA91DD8E97200A9B688 /* Products */;
			projectDirPath = "";
			projectRoot = "";
			targets = (
				A830CCA71DD8E97200A9B688 /* Miara */,
				A830CCBB1DD8E97200A9B688 /* EZRecipeTests */,
				A830CCC61DD8E97200A9B688 /* EZRecipeUITests */,
			);
		};
/* End PBXProject section */

/* Begin PBXResourcesBuildPhase section */
		A830CCA61DD8E97200A9B688 /* Resources */ = {
			isa = PBXResourcesBuildPhase;
			buildActionMask = 2147483647;
			files = (
				A8BFDFA31DE947DD0095CF5A /* (null) in Resources */,
				A8ADF0DF1E08D7BF00D693D4 /* magnifying-glass-3-xxl.png in Resources */,
				A8ADF0DB1E08D7A200D693D4 /* purple.jpg in Resources */,
				A899462B1E046F90009F95E1 /* ApiKeys.plist in Resources */,
				A830CCB31DD8E97200A9B688 /* Assets.xcassets in Resources */,
				A899462F1E04FE5F009F95E1 /* meme.jpg in Resources */,
				A830CCB11DD8E97200A9B688 /* Main.storyboard in Resources */,
				A8ADF0DE1E08D7BF00D693D4 /* download.png in Resources */,
			);
			runOnlyForDeploymentPostprocessing = 0;
		};
		A830CCBA1DD8E97200A9B688 /* Resources */ = {
			isa = PBXResourcesBuildPhase;
			buildActionMask = 2147483647;
			files = (
				A899462C1E046F90009F95E1 /* ApiKeys.plist in Resources */,
				A89946301E04FE5F009F95E1 /* meme.jpg in Resources */,
			);
			runOnlyForDeploymentPostprocessing = 0;
		};
		A830CCC51DD8E97200A9B688 /* Resources */ = {
			isa = PBXResourcesBuildPhase;
			buildActionMask = 2147483647;
			files = (
				A899462D1E046F90009F95E1 /* ApiKeys.plist in Resources */,
				A89946311E04FE5F009F95E1 /* meme.jpg in Resources */,
			);
			runOnlyForDeploymentPostprocessing = 0;
		};
/* End PBXResourcesBuildPhase section */

/* Begin PBXShellScriptBuildPhase section */
		0AA16D74DF9968281F28E7FD /* [CP] Check Pods Manifest.lock */ = {
			isa = PBXShellScriptBuildPhase;
			buildActionMask = 2147483647;
			files = (
			);
			inputPaths = (
			);
			name = "[CP] Check Pods Manifest.lock";
			outputPaths = (
			);
			runOnlyForDeploymentPostprocessing = 0;
			shellPath = /bin/sh;
			shellScript = "diff \"${PODS_ROOT}/../Podfile.lock\" \"${PODS_ROOT}/Manifest.lock\" > /dev/null\nif [ $? != 0 ] ; then\n    # print error to STDERR\n    echo \"error: The sandbox is not in sync with the Podfile.lock. Run 'pod install' or update your CocoaPods installation.\" >&2\n    exit 1\nfi\n";
			showEnvVarsInLog = 0;
		};
		2F3E71BBBC420B2B0D0DB318 /* [CP] Copy Pods Resources */ = {
			isa = PBXShellScriptBuildPhase;
			buildActionMask = 2147483647;
			files = (
			);
			inputPaths = (
			);
			name = "[CP] Copy Pods Resources";
			outputPaths = (
			);
			runOnlyForDeploymentPostprocessing = 0;
			shellPath = /bin/sh;
			shellScript = "\"${SRCROOT}/Pods/Target Support Files/Pods-EZRecipeTests/Pods-EZRecipeTests-resources.sh\"\n";
			showEnvVarsInLog = 0;
		};
		39B216E3E4B9F596FC38405D /* [CP] Embed Pods Frameworks */ = {
			isa = PBXShellScriptBuildPhase;
			buildActionMask = 2147483647;
			files = (
			);
			inputPaths = (
			);
			name = "[CP] Embed Pods Frameworks";
			outputPaths = (
			);
			runOnlyForDeploymentPostprocessing = 0;
			shellPath = /bin/sh;
			shellScript = "\"${SRCROOT}/Pods/Target Support Files/Pods-EZRecipe/Pods-EZRecipe-frameworks.sh\"\n";
			showEnvVarsInLog = 0;
		};
		772E4333BCED14041ABB3051 /* [CP] Copy Pods Resources */ = {
			isa = PBXShellScriptBuildPhase;
			buildActionMask = 2147483647;
			files = (
			);
			inputPaths = (
			);
			name = "[CP] Copy Pods Resources";
			outputPaths = (
			);
			runOnlyForDeploymentPostprocessing = 0;
			shellPath = /bin/sh;
			shellScript = "\"${SRCROOT}/Pods/Target Support Files/Pods-EZRecipe/Pods-EZRecipe-resources.sh\"\n";
			showEnvVarsInLog = 0;
		};
		C09F4973C5F1494D645BA41B /* [CP] Embed Pods Frameworks */ = {
			isa = PBXShellScriptBuildPhase;
			buildActionMask = 2147483647;
			files = (
			);
			inputPaths = (
			);
			name = "[CP] Embed Pods Frameworks";
			outputPaths = (
			);
			runOnlyForDeploymentPostprocessing = 0;
			shellPath = /bin/sh;
			shellScript = "\"${SRCROOT}/Pods/Target Support Files/Pods-EZRecipeTests/Pods-EZRecipeTests-frameworks.sh\"\n";
			showEnvVarsInLog = 0;
		};
		C1B3480689FEE2AF4D3C759C /* [CP] Check Pods Manifest.lock */ = {
			isa = PBXShellScriptBuildPhase;
			buildActionMask = 2147483647;
			files = (
			);
			inputPaths = (
			);
			name = "[CP] Check Pods Manifest.lock";
			outputPaths = (
			);
			runOnlyForDeploymentPostprocessing = 0;
			shellPath = /bin/sh;
			shellScript = "diff \"${PODS_ROOT}/../Podfile.lock\" \"${PODS_ROOT}/Manifest.lock\" > /dev/null\nif [ $? != 0 ] ; then\n    # print error to STDERR\n    echo \"error: The sandbox is not in sync with the Podfile.lock. Run 'pod install' or update your CocoaPods installation.\" >&2\n    exit 1\nfi\n";
			showEnvVarsInLog = 0;
		};
		E33B79B111E5474304B92C0F /* [CP] Check Pods Manifest.lock */ = {
			isa = PBXShellScriptBuildPhase;
			buildActionMask = 2147483647;
			files = (
			);
			inputPaths = (
			);
			name = "[CP] Check Pods Manifest.lock";
			outputPaths = (
			);
			runOnlyForDeploymentPostprocessing = 0;
			shellPath = /bin/sh;
			shellScript = "diff \"${PODS_ROOT}/../Podfile.lock\" \"${PODS_ROOT}/Manifest.lock\" > /dev/null\nif [ $? != 0 ] ; then\n    # print error to STDERR\n    echo \"error: The sandbox is not in sync with the Podfile.lock. Run 'pod install' or update your CocoaPods installation.\" >&2\n    exit 1\nfi\n";
			showEnvVarsInLog = 0;
		};
		E8BDE7BB96682DE4C34893E1 /* [CP] Embed Pods Frameworks */ = {
			isa = PBXShellScriptBuildPhase;
			buildActionMask = 2147483647;
			files = (
			);
			inputPaths = (
			);
			name = "[CP] Embed Pods Frameworks";
			outputPaths = (
			);
			runOnlyForDeploymentPostprocessing = 0;
			shellPath = /bin/sh;
			shellScript = "\"${SRCROOT}/Pods/Target Support Files/Pods-EZRecipeUITests/Pods-EZRecipeUITests-frameworks.sh\"\n";
			showEnvVarsInLog = 0;
		};
		F8CBAEEE5E1A6DEBA90F9FB1 /* [CP] Copy Pods Resources */ = {
			isa = PBXShellScriptBuildPhase;
			buildActionMask = 2147483647;
			files = (
			);
			inputPaths = (
			);
			name = "[CP] Copy Pods Resources";
			outputPaths = (
			);
			runOnlyForDeploymentPostprocessing = 0;
			shellPath = /bin/sh;
			shellScript = "\"${SRCROOT}/Pods/Target Support Files/Pods-EZRecipeUITests/Pods-EZRecipeUITests-resources.sh\"\n";
			showEnvVarsInLog = 0;
		};
/* End PBXShellScriptBuildPhase section */

/* Begin PBXSourcesBuildPhase section */
		A830CCA41DD8E97200A9B688 /* Sources */ = {
			isa = PBXSourcesBuildPhase;
			buildActionMask = 2147483647;
			files = (
				A830CCDA1DD9451B00A9B688 /* Recipe.swift in Sources */,
				A8ADF0D91E08D76400D693D4 /* SearchResultsViewController.swift in Sources */,
				A8ADF0D71E08D76400D693D4 /* RecipeTableViewCell.swift in Sources */,
				A8ADF0D61E08D76400D693D4 /* RecipeDetailViewController.swift in Sources */,
				A8BFDFA71DEA841F0095CF5A /* (null) in Sources */,
				A8031DE61DF9EA2E0008110B /* (null) in Sources */,
				A8BFDF991DE760350095CF5A /* (null) in Sources */,
				A830CCAE1DD8E97200A9B688 /* ViewController.swift in Sources */,
				A8ADF0D81E08D76400D693D4 /* RecipeWebViewViewController.swift in Sources */,
				A89946291E046BFF009F95E1 /* Model.swift in Sources */,
				A8D6ECE51DF7286500EB04A7 /* (null) in Sources */,
				A830CCAC1DD8E97200A9B688 /* AppDelegate.swift in Sources */,
			);
			runOnlyForDeploymentPostprocessing = 0;
		};
		A830CCB81DD8E97200A9B688 /* Sources */ = {
			isa = PBXSourcesBuildPhase;
			buildActionMask = 2147483647;
			files = (
				A830CCC11DD8E97200A9B688 /* EZRecipeTests.swift in Sources */,
			);
			runOnlyForDeploymentPostprocessing = 0;
		};
		A830CCC31DD8E97200A9B688 /* Sources */ = {
			isa = PBXSourcesBuildPhase;
			buildActionMask = 2147483647;
			files = (
				A830CCCC1DD8E97200A9B688 /* EZRecipeUITests.swift in Sources */,
			);
			runOnlyForDeploymentPostprocessing = 0;
		};
/* End PBXSourcesBuildPhase section */

/* Begin PBXTargetDependency section */
		A830CCBE1DD8E97200A9B688 /* PBXTargetDependency */ = {
			isa = PBXTargetDependency;
			target = A830CCA71DD8E97200A9B688 /* Miara */;
			targetProxy = A830CCBD1DD8E97200A9B688 /* PBXContainerItemProxy */;
		};
		A830CCC91DD8E97200A9B688 /* PBXTargetDependency */ = {
			isa = PBXTargetDependency;
			target = A830CCA71DD8E97200A9B688 /* Miara */;
			targetProxy = A830CCC81DD8E97200A9B688 /* PBXContainerItemProxy */;
		};
/* End PBXTargetDependency section */

/* Begin PBXVariantGroup section */
		A830CCAF1DD8E97200A9B688 /* Main.storyboard */ = {
			isa = PBXVariantGroup;
			children = (
				A830CCB01DD8E97200A9B688 /* Base */,
			);
			name = Main.storyboard;
			path = EZRecipe;
			sourceTree = "<group>";
		};
/* End PBXVariantGroup section */

/* Begin XCBuildConfiguration section */
		A830CCCE1DD8E97200A9B688 /* Debug */ = {
			isa = XCBuildConfiguration;
			buildSettings = {
				ALWAYS_SEARCH_USER_PATHS = NO;
				CLANG_ANALYZER_NONNULL = YES;
				CLANG_CXX_LANGUAGE_STANDARD = "gnu++0x";
				CLANG_CXX_LIBRARY = "libc++";
				CLANG_ENABLE_MODULES = YES;
				CLANG_ENABLE_OBJC_ARC = YES;
				CLANG_WARN_BOOL_CONVERSION = YES;
				CLANG_WARN_CONSTANT_CONVERSION = YES;
				CLANG_WARN_DIRECT_OBJC_ISA_USAGE = YES_ERROR;
				CLANG_WARN_DOCUMENTATION_COMMENTS = YES;
				CLANG_WARN_EMPTY_BODY = YES;
				CLANG_WARN_ENUM_CONVERSION = YES;
				CLANG_WARN_INFINITE_RECURSION = YES;
				CLANG_WARN_INT_CONVERSION = YES;
				CLANG_WARN_OBJC_ROOT_CLASS = YES_ERROR;
				CLANG_WARN_SUSPICIOUS_MOVES = YES;
				CLANG_WARN_UNREACHABLE_CODE = YES;
				CLANG_WARN__DUPLICATE_METHOD_MATCH = YES;
				"CODE_SIGN_IDENTITY[sdk=iphoneos*]" = "iPhone Developer";
				COPY_PHASE_STRIP = NO;
				DEBUG_INFORMATION_FORMAT = dwarf;
				ENABLE_STRICT_OBJC_MSGSEND = YES;
				ENABLE_TESTABILITY = YES;
				GCC_C_LANGUAGE_STANDARD = gnu99;
				GCC_DYNAMIC_NO_PIC = NO;
				GCC_NO_COMMON_BLOCKS = YES;
				GCC_OPTIMIZATION_LEVEL = 0;
				GCC_PREPROCESSOR_DEFINITIONS = (
					"DEBUG=1",
					"$(inherited)",
				);
				GCC_WARN_64_TO_32_BIT_CONVERSION = YES;
				GCC_WARN_ABOUT_RETURN_TYPE = YES_ERROR;
				GCC_WARN_UNDECLARED_SELECTOR = YES;
				GCC_WARN_UNINITIALIZED_AUTOS = YES_AGGRESSIVE;
				GCC_WARN_UNUSED_FUNCTION = YES;
				GCC_WARN_UNUSED_VARIABLE = YES;
				HEADER_SEARCH_PATHS = "Pods/**";
				IPHONEOS_DEPLOYMENT_TARGET = 10.1;
				MTL_ENABLE_DEBUG_INFO = YES;
				ONLY_ACTIVE_ARCH = YES;
				SDKROOT = iphoneos;
				SWIFT_ACTIVE_COMPILATION_CONDITIONS = DEBUG;
				SWIFT_OPTIMIZATION_LEVEL = "-Onone";
				TARGETED_DEVICE_FAMILY = "1,2";
			};
			name = Debug;
		};
		A830CCCF1DD8E97200A9B688 /* Release */ = {
			isa = XCBuildConfiguration;
			buildSettings = {
				ALWAYS_SEARCH_USER_PATHS = NO;
				CLANG_ANALYZER_NONNULL = YES;
				CLANG_CXX_LANGUAGE_STANDARD = "gnu++0x";
				CLANG_CXX_LIBRARY = "libc++";
				CLANG_ENABLE_MODULES = YES;
				CLANG_ENABLE_OBJC_ARC = YES;
				CLANG_WARN_BOOL_CONVERSION = YES;
				CLANG_WARN_CONSTANT_CONVERSION = YES;
				CLANG_WARN_DIRECT_OBJC_ISA_USAGE = YES_ERROR;
				CLANG_WARN_DOCUMENTATION_COMMENTS = YES;
				CLANG_WARN_EMPTY_BODY = YES;
				CLANG_WARN_ENUM_CONVERSION = YES;
				CLANG_WARN_INFINITE_RECURSION = YES;
				CLANG_WARN_INT_CONVERSION = YES;
				CLANG_WARN_OBJC_ROOT_CLASS = YES_ERROR;
				CLANG_WARN_SUSPICIOUS_MOVES = YES;
				CLANG_WARN_UNREACHABLE_CODE = YES;
				CLANG_WARN__DUPLICATE_METHOD_MATCH = YES;
				"CODE_SIGN_IDENTITY[sdk=iphoneos*]" = "iPhone Developer";
				COPY_PHASE_STRIP = NO;
				DEBUG_INFORMATION_FORMAT = "dwarf-with-dsym";
				ENABLE_NS_ASSERTIONS = NO;
				ENABLE_STRICT_OBJC_MSGSEND = YES;
				GCC_C_LANGUAGE_STANDARD = gnu99;
				GCC_NO_COMMON_BLOCKS = YES;
				GCC_WARN_64_TO_32_BIT_CONVERSION = YES;
				GCC_WARN_ABOUT_RETURN_TYPE = YES_ERROR;
				GCC_WARN_UNDECLARED_SELECTOR = YES;
				GCC_WARN_UNINITIALIZED_AUTOS = YES_AGGRESSIVE;
				GCC_WARN_UNUSED_FUNCTION = YES;
				GCC_WARN_UNUSED_VARIABLE = YES;
				HEADER_SEARCH_PATHS = "Pods/**";
				IPHONEOS_DEPLOYMENT_TARGET = 10.1;
				MTL_ENABLE_DEBUG_INFO = NO;
				SDKROOT = iphoneos;
				"SWIFT_ACTIVE_COMPILATION_CONDITIONS[arch=*]" = "";
				SWIFT_OPTIMIZATION_LEVEL = "-Owholemodule";
				TARGETED_DEVICE_FAMILY = "1,2";
				VALIDATE_PRODUCT = YES;
			};
			name = Release;
		};
		A830CCD11DD8E97200A9B688 /* Debug */ = {
			isa = XCBuildConfiguration;
			baseConfigurationReference = A74B318477370AAC05B3C76E /* Pods-EZRecipe.debug.xcconfig */;
			buildSettings = {
				ASSETCATALOG_COMPILER_APPICON_NAME = AppIcon;
				INFOPLIST_FILE = EZRecipe/Info.plist;
				LD_RUNPATH_SEARCH_PATHS = "$(inherited) @executable_path/Frameworks";
				PRODUCT_BUNDLE_IDENTIFIER = Buckets.Charlie.Miara;
				PRODUCT_NAME = "$(TARGET_NAME)";
				SWIFT_VERSION = 3.0;
			};
			name = Debug;
		};
		A830CCD21DD8E97200A9B688 /* Release */ = {
			isa = XCBuildConfiguration;
			baseConfigurationReference = 5C5A7EBB8852CAD2F02ABA4B /* Pods-EZRecipe.release.xcconfig */;
			buildSettings = {
				ASSETCATALOG_COMPILER_APPICON_NAME = AppIcon;
				INFOPLIST_FILE = EZRecipe/Info.plist;
				LD_RUNPATH_SEARCH_PATHS = "$(inherited) @executable_path/Frameworks";
				PRODUCT_BUNDLE_IDENTIFIER = Buckets.Charlie.Miara;
				PRODUCT_NAME = "$(TARGET_NAME)";
				SWIFT_VERSION = 3.0;
			};
			name = Release;
		};
		A830CCD41DD8E97200A9B688 /* Debug */ = {
			isa = XCBuildConfiguration;
			baseConfigurationReference = D730BD236AC3D1AD6B197DBF /* Pods-EZRecipeTests.debug.xcconfig */;
			buildSettings = {
				ALWAYS_EMBED_SWIFT_STANDARD_LIBRARIES = YES;
				BUNDLE_LOADER = "$(TEST_HOST)";
				INFOPLIST_FILE = EZRecipeTests/Info.plist;
				LD_RUNPATH_SEARCH_PATHS = "$(inherited) @executable_path/Frameworks @loader_path/Frameworks";
				PRODUCT_BUNDLE_IDENTIFIER = Buckets.Charlie.EZRecipeTests;
				PRODUCT_NAME = "$(TARGET_NAME)";
				SWIFT_VERSION = 3.0;
				TEST_HOST = "$(BUILT_PRODUCTS_DIR)/EZRecipe.app/EZRecipe";
			};
			name = Debug;
		};
		A830CCD51DD8E97200A9B688 /* Release */ = {
			isa = XCBuildConfiguration;
			baseConfigurationReference = DE59BD7E316A99E5743D24DE /* Pods-EZRecipeTests.release.xcconfig */;
			buildSettings = {
				ALWAYS_EMBED_SWIFT_STANDARD_LIBRARIES = YES;
				BUNDLE_LOADER = "$(TEST_HOST)";
				INFOPLIST_FILE = EZRecipeTests/Info.plist;
				LD_RUNPATH_SEARCH_PATHS = "$(inherited) @executable_path/Frameworks @loader_path/Frameworks";
				PRODUCT_BUNDLE_IDENTIFIER = Buckets.Charlie.EZRecipeTests;
				PRODUCT_NAME = "$(TARGET_NAME)";
				SWIFT_VERSION = 3.0;
				TEST_HOST = "$(BUILT_PRODUCTS_DIR)/EZRecipe.app/EZRecipe";
			};
			name = Release;
		};
		A830CCD71DD8E97200A9B688 /* Debug */ = {
			isa = XCBuildConfiguration;
			baseConfigurationReference = 4372B550CCA55646D585BD9C /* Pods-EZRecipeUITests.debug.xcconfig */;
			buildSettings = {
				ALWAYS_EMBED_SWIFT_STANDARD_LIBRARIES = YES;
				INFOPLIST_FILE = EZRecipeUITests/Info.plist;
				LD_RUNPATH_SEARCH_PATHS = "$(inherited) @executable_path/Frameworks @loader_path/Frameworks";
				PRODUCT_BUNDLE_IDENTIFIER = Buckets.Charlie.EZRecipeUITests;
				PRODUCT_NAME = "$(TARGET_NAME)";
				SWIFT_VERSION = 3.0;
				TEST_TARGET_NAME = EZRecipe;
			};
			name = Debug;
		};
		A830CCD81DD8E97200A9B688 /* Release */ = {
			isa = XCBuildConfiguration;
			baseConfigurationReference = CAF0304907114BA0167C3D88 /* Pods-EZRecipeUITests.release.xcconfig */;
			buildSettings = {
				ALWAYS_EMBED_SWIFT_STANDARD_LIBRARIES = YES;
				INFOPLIST_FILE = EZRecipeUITests/Info.plist;
				LD_RUNPATH_SEARCH_PATHS = "$(inherited) @executable_path/Frameworks @loader_path/Frameworks";
				PRODUCT_BUNDLE_IDENTIFIER = Buckets.Charlie.EZRecipeUITests;
				PRODUCT_NAME = "$(TARGET_NAME)";
				SWIFT_VERSION = 3.0;
				TEST_TARGET_NAME = EZRecipe;
			};
			name = Release;
		};
/* End XCBuildConfiguration section */

/* Begin XCConfigurationList section */
		A830CCA31DD8E97200A9B688 /* Build configuration list for PBXProject "EZRecipe" */ = {
			isa = XCConfigurationList;
			buildConfigurations = (
				A830CCCE1DD8E97200A9B688 /* Debug */,
				A830CCCF1DD8E97200A9B688 /* Release */,
			);
			defaultConfigurationIsVisible = 0;
			defaultConfigurationName = Release;
		};
		A830CCD01DD8E97200A9B688 /* Build configuration list for PBXNativeTarget "Miara" */ = {
			isa = XCConfigurationList;
			buildConfigurations = (
				A830CCD11DD8E97200A9B688 /* Debug */,
				A830CCD21DD8E97200A9B688 /* Release */,
			);
			defaultConfigurationIsVisible = 0;
			defaultConfigurationName = Release;
		};
		A830CCD31DD8E97200A9B688 /* Build configuration list for PBXNativeTarget "EZRecipeTests" */ = {
			isa = XCConfigurationList;
			buildConfigurations = (
				A830CCD41DD8E97200A9B688 /* Debug */,
				A830CCD51DD8E97200A9B688 /* Release */,
			);
			defaultConfigurationIsVisible = 0;
			defaultConfigurationName = Release;
		};
		A830CCD61DD8E97200A9B688 /* Build configuration list for PBXNativeTarget "EZRecipeUITests" */ = {
			isa = XCConfigurationList;
			buildConfigurations = (
				A830CCD71DD8E97200A9B688 /* Debug */,
				A830CCD81DD8E97200A9B688 /* Release */,
			);
			defaultConfigurationIsVisible = 0;
			defaultConfigurationName = Release;
		};
/* End XCConfigurationList section */
	};
	rootObject = A830CCA01DD8E97200A9B688 /* Project object */;
}
